
Microsoft Visual Studio Solution File, Format Version 12.00
# Visual Studio Version 16
VisualStudioVersion = 16.0.30011.22
MinimumVisualStudioVersion = 10.0.40219.1
Project("{FAE04EC0-301F-11D3-BF4B-00C04F79EFBC}") = "PortForward", "PortForward\PortForward.csproj", "{A0885599-9324-4018-9746-EACBE0A17E05}"
EndProject
Global
	GlobalSection(SolutionConfigurationPlatforms) = preSolution
		Debug|Any CPU = Debug|Any CPU
		Release|Any CPU = Release|Any CPU
	EndGlobalSection
	GlobalSection(ProjectConfigurationPlatforms) = postSolution
		{A0885599-9324-4018-9746-EACBE0A17E05}.Debug|Any CPU.ActiveCfg = Debug|Any CPU
		{A0885599-9324-4018-9746-EACBE0A17E05}.Debug|Any CPU.Build.0 = Debug|Any CPU
		{A0885599-9324-4018-9746-EACBE0A17E05}.Release|Any CPU.ActiveCfg = Release|Any CPU
		{A0885599-9324-4018-9746-EACBE0A17E05}.Release|Any CPU.Build.0 = Release|Any CPU
	EndGlobalSection
	GlobalSection(SolutionProperties) = preSolution
		HideSolutionNode = FALSE
	EndGlobalSection
	GlobalSection(ExtensibilityGlobals) = postSolution
		SolutionGuid = {564F38AE-A2DD-435F-AD9A-D246A54CF2C0}
	EndGlobalSection
EndGlobal
